
Microsoft Visual Studio Solution File, Format Version 12.00
# Visual Studio Version 17
VisualStudioVersion = 17.3.32929.385
MinimumVisualStudioVersion = 10.0.40219.1
Project("{9A19103F-16F7-4668-BE54-9A1E7A4F7556}") = "AuthenticationServer.API", "AuthenticationServer.API\AuthenticationServer.API.csproj", "{883537D5-58A5-48B5-8EC2-7CCDAD263B1D}"
EndProject
Project("{9A19103F-16F7-4668-BE54-9A1E7A4F7556}") = "ClientApplication", "ClientApplication\ClientApplication.csproj", "{082F83B2-F45C-43E1-B9B7-1546D940A862}"
	ProjectSection(ProjectDependencies) = postProject
		{15F1BA78-6602-4427-A579-93624D90A620} = {15F1BA78-6602-4427-A579-93624D90A620}
		{32C8BDE9-6D47-44AE-BB2C-1DA3DE3B3CCB} = {32C8BDE9-6D47-44AE-BB2C-1DA3DE3B3CCB}
		{7888A1BF-142A-4732-8740-AE027B0F2EFC} = {7888A1BF-142A-4732-8740-AE027B0F2EFC}
		{B57F33E6-D758-4F91-8516-98CDE841F1B2} = {B57F33E6-D758-4F91-8516-98CDE841F1B2}
	EndProjectSection
EndProject
Project("{9A19103F-16F7-4668-BE54-9A1E7A4F7556}") = "Models", "WebModels\Models.csproj", "{F8B09A09-FE1E-428F-AF82-A5ECE98C931E}"
EndProject
Project("{9A19103F-16F7-4668-BE54-9A1E7A4F7556}") = "Repository", "Repository\Repository.csproj", "{43891D45-9F0F-4FCF-9B5C-86CAC3619E92}"
EndProject
Project("{9A19103F-16F7-4668-BE54-9A1E7A4F7556}") = "ApiCore", "ApiCore\ApiCore.csproj", "{15F1BA78-6602-4427-A579-93624D90A620}"
EndProject
Project("{9A19103F-16F7-4668-BE54-9A1E7A4F7556}") = "Services", "Services\Services.csproj", "{7888A1BF-142A-4732-8740-AE027B0F2EFC}"
EndProject
Project("{9A19103F-16F7-4668-BE54-9A1E7A4F7556}") = "Authorization", "Authorization\Authorization.csproj", "{02A09FD4-6FF5-439F-8071-63581FAAFB7A}"
EndProject
Project("{9A19103F-16F7-4668-BE54-9A1E7A4F7556}") = "UnitTests", "UnitTests\UnitTests.csproj", "{B57F33E6-D758-4F91-8516-98CDE841F1B2}"
EndProject
Project("{9A19103F-16F7-4668-BE54-9A1E7A4F7556}") = "Middleware", "Middleware\Middleware.csproj", "{32C8BDE9-6D47-44AE-BB2C-1DA3DE3B3CCB}"
EndProject
Project("{FAE04EC0-301F-11D3-BF4B-00C04F79EFBC}") = "AuthenticationServerEntityFramework", "AuthenticationServerEntityFramework\AuthenticationServerEntityFramework.csproj", "{6BB5136C-E8C1-4DAC-8666-EB288C023988}"
EndProject
Global
	GlobalSection(SolutionConfigurationPlatforms) = preSolution
		Debug|Any CPU = Debug|Any CPU
		Release|Any CPU = Release|Any CPU
	EndGlobalSection
	GlobalSection(ProjectConfigurationPlatforms) = postSolution
		{883537D5-58A5-48B5-8EC2-7CCDAD263B1D}.Debug|Any CPU.ActiveCfg = Debug|Any CPU
		{883537D5-58A5-48B5-8EC2-7CCDAD263B1D}.Debug|Any CPU.Build.0 = Debug|Any CPU
		{883537D5-58A5-48B5-8EC2-7CCDAD263B1D}.Release|Any CPU.ActiveCfg = Release|Any CPU
		{883537D5-58A5-48B5-8EC2-7CCDAD263B1D}.Release|Any CPU.Build.0 = Release|Any CPU
		{082F83B2-F45C-43E1-B9B7-1546D940A862}.Debug|Any CPU.ActiveCfg = Debug|Any CPU
		{082F83B2-F45C-43E1-B9B7-1546D940A862}.Debug|Any CPU.Build.0 = Debug|Any CPU
		{082F83B2-F45C-43E1-B9B7-1546D940A862}.Release|Any CPU.ActiveCfg = Release|Any CPU
		{082F83B2-F45C-43E1-B9B7-1546D940A862}.Release|Any CPU.Build.0 = Release|Any CPU
		{F8B09A09-FE1E-428F-AF82-A5ECE98C931E}.Debug|Any CPU.ActiveCfg = Debug|Any CPU
		{F8B09A09-FE1E-428F-AF82-A5ECE98C931E}.Debug|Any CPU.Build.0 = Debug|Any CPU
		{F8B09A09-FE1E-428F-AF82-A5ECE98C931E}.Release|Any CPU.ActiveCfg = Release|Any CPU
		{F8B09A09-FE1E-428F-AF82-A5ECE98C931E}.Release|Any CPU.Build.0 = Release|Any CPU
		{43891D45-9F0F-4FCF-9B5C-86CAC3619E92}.Debug|Any CPU.ActiveCfg = Debug|Any CPU
		{43891D45-9F0F-4FCF-9B5C-86CAC3619E92}.Debug|Any CPU.Build.0 = Debug|Any CPU
		{43891D45-9F0F-4FCF-9B5C-86CAC3619E92}.Release|Any CPU.ActiveCfg = Release|Any CPU
		{43891D45-9F0F-4FCF-9B5C-86CAC3619E92}.Release|Any CPU.Build.0 = Release|Any CPU
		{15F1BA78-6602-4427-A579-93624D90A620}.Debug|Any CPU.ActiveCfg = Debug|Any CPU
		{15F1BA78-6602-4427-A579-93624D90A620}.Debug|Any CPU.Build.0 = Debug|Any CPU
		{15F1BA78-6602-4427-A579-93624D90A620}.Release|Any CPU.ActiveCfg = Release|Any CPU
		{15F1BA78-6602-4427-A579-93624D90A620}.Release|Any CPU.Build.0 = Release|Any CPU
		{7888A1BF-142A-4732-8740-AE027B0F2EFC}.Debug|Any CPU.ActiveCfg = Debug|Any CPU
		{7888A1BF-142A-4732-8740-AE027B0F2EFC}.Debug|Any CPU.Build.0 = Debug|Any CPU
		{7888A1BF-142A-4732-8740-AE027B0F2EFC}.Release|Any CPU.ActiveCfg = Release|Any CPU
		{7888A1BF-142A-4732-8740-AE027B0F2EFC}.Release|Any CPU.Build.0 = Release|Any CPU
		{02A09FD4-6FF5-439F-8071-63581FAAFB7A}.Debug|Any CPU.ActiveCfg = Debug|Any CPU
		{02A09FD4-6FF5-439F-8071-63581FAAFB7A}.Debug|Any CPU.Build.0 = Debug|Any CPU
		{02A09FD4-6FF5-439F-8071-63581FAAFB7A}.Release|Any CPU.ActiveCfg = Release|Any CPU
		{02A09FD4-6FF5-439F-8071-63581FAAFB7A}.Release|Any CPU.Build.0 = Release|Any CPU
		{B57F33E6-D758-4F91-8516-98CDE841F1B2}.Debug|Any CPU.ActiveCfg = Debug|Any CPU
		{B57F33E6-D758-4F91-8516-98CDE841F1B2}.Debug|Any CPU.Build.0 = Debug|Any CPU
		{B57F33E6-D758-4F91-8516-98CDE841F1B2}.Release|Any CPU.ActiveCfg = Release|Any CPU
		{B57F33E6-D758-4F91-8516-98CDE841F1B2}.Release|Any CPU.Build.0 = Release|Any CPU
		{32C8BDE9-6D47-44AE-BB2C-1DA3DE3B3CCB}.Debug|Any CPU.ActiveCfg = Debug|Any CPU
		{32C8BDE9-6D47-44AE-BB2C-1DA3DE3B3CCB}.Debug|Any CPU.Build.0 = Debug|Any CPU
		{32C8BDE9-6D47-44AE-BB2C-1DA3DE3B3CCB}.Release|Any CPU.ActiveCfg = Release|Any CPU
		{32C8BDE9-6D47-44AE-BB2C-1DA3DE3B3CCB}.Release|Any CPU.Build.0 = Release|Any CPU
		{6BB5136C-E8C1-4DAC-8666-EB288C023988}.Debug|Any CPU.ActiveCfg = Debug|Any CPU
		{6BB5136C-E8C1-4DAC-8666-EB288C023988}.Debug|Any CPU.Build.0 = Debug|Any CPU
		{6BB5136C-E8C1-4DAC-8666-EB288C023988}.Release|Any CPU.ActiveCfg = Release|Any CPU
		{6BB5136C-E8C1-4DAC-8666-EB288C023988}.Release|Any CPU.Build.0 = Release|Any CPU
	EndGlobalSection
	GlobalSection(SolutionProperties) = preSolution
		HideSolutionNode = FALSE
	EndGlobalSection
	GlobalSection(ExtensibilityGlobals) = postSolution
		SolutionGuid = {7BB44983-2E8B-4E14-AD9E-FF98E1D58448}
	EndGlobalSection
EndGlobal
