
Microsoft Visual Studio Solution File, Format Version 12.00
# Visual Studio Version 17
VisualStudioVersion = 17.3.32929.385
MinimumVisualStudioVersion = 10.0.40219.1
Project("{9A19103F-16F7-4668-BE54-9A1E7A4F7556}") = "AuthO.API", "AuthO.API\AuthO.API.csproj", "{358CE329-9AF8-458B-96AE-52726E866182}"
EndProject
Project("{9A19103F-16F7-4668-BE54-9A1E7A4F7556}") = "AuthenticationServer.API", "AuthenticationServer.API\AuthenticationServer.API.csproj", "{883537D5-58A5-48B5-8EC2-7CCDAD263B1D}"
EndProject
Project("{9A19103F-16F7-4668-BE54-9A1E7A4F7556}") = "ClientApplication", "ClientApplication\ClientApplication.csproj", "{082F83B2-F45C-43E1-B9B7-1546D940A862}"
EndProject
Project("{9A19103F-16F7-4668-BE54-9A1E7A4F7556}") = "WebModels", "WebModels\WebModels.csproj", "{F8B09A09-FE1E-428F-AF82-A5ECE98C931E}"
EndProject
Project("{9A19103F-16F7-4668-BE54-9A1E7A4F7556}") = "Repository", "Repository\Repository.csproj", "{43891D45-9F0F-4FCF-9B5C-86CAC3619E92}"
EndProject
Project("{FAE04EC0-301F-11D3-BF4B-00C04F79EFBC}") = "ApiCore", "ApiCore\ApiCore.csproj", "{15F1BA78-6602-4427-A579-93624D90A620}"
EndProject
Project("{FAE04EC0-301F-11D3-BF4B-00C04F79EFBC}") = "Services", "Services\Services.csproj", "{7888A1BF-142A-4732-8740-AE027B0F2EFC}"
EndProject
Global
	GlobalSection(SolutionConfigurationPlatforms) = preSolution
		Debug|Any CPU = Debug|Any CPU
		Release|Any CPU = Release|Any CPU
	EndGlobalSection
	GlobalSection(ProjectConfigurationPlatforms) = postSolution
		{358CE329-9AF8-458B-96AE-52726E866182}.Debug|Any CPU.ActiveCfg = Debug|Any CPU
		{358CE329-9AF8-458B-96AE-52726E866182}.Debug|Any CPU.Build.0 = Debug|Any CPU
		{358CE329-9AF8-458B-96AE-52726E866182}.Release|Any CPU.ActiveCfg = Release|Any CPU
		{358CE329-9AF8-458B-96AE-52726E866182}.Release|Any CPU.Build.0 = Release|Any CPU
		{883537D5-58A5-48B5-8EC2-7CCDAD263B1D}.Debug|Any CPU.ActiveCfg = Debug|Any CPU
		{883537D5-58A5-48B5-8EC2-7CCDAD263B1D}.Debug|Any CPU.Build.0 = Debug|Any CPU
		{883537D5-58A5-48B5-8EC2-7CCDAD263B1D}.Release|Any CPU.ActiveCfg = Release|Any CPU
		{883537D5-58A5-48B5-8EC2-7CCDAD263B1D}.Release|Any CPU.Build.0 = Release|Any CPU
		{082F83B2-F45C-43E1-B9B7-1546D940A862}.Debug|Any CPU.ActiveCfg = Debug|Any CPU
		{082F83B2-F45C-43E1-B9B7-1546D940A862}.Debug|Any CPU.Build.0 = Debug|Any CPU
		{082F83B2-F45C-43E1-B9B7-1546D940A862}.Release|Any CPU.ActiveCfg = Release|Any CPU
		{082F83B2-F45C-43E1-B9B7-1546D940A862}.Release|Any CPU.Build.0 = Release|Any CPU
		{F8B09A09-FE1E-428F-AF82-A5ECE98C931E}.Debug|Any CPU.ActiveCfg = Debug|Any CPU
		{F8B09A09-FE1E-428F-AF82-A5ECE98C931E}.Debug|Any CPU.Build.0 = Debug|Any CPU
		{F8B09A09-FE1E-428F-AF82-A5ECE98C931E}.Release|Any CPU.ActiveCfg = Release|Any CPU
		{F8B09A09-FE1E-428F-AF82-A5ECE98C931E}.Release|Any CPU.Build.0 = Release|Any CPU
		{43891D45-9F0F-4FCF-9B5C-86CAC3619E92}.Debug|Any CPU.ActiveCfg = Debug|Any CPU
		{43891D45-9F0F-4FCF-9B5C-86CAC3619E92}.Debug|Any CPU.Build.0 = Debug|Any CPU
		{43891D45-9F0F-4FCF-9B5C-86CAC3619E92}.Release|Any CPU.ActiveCfg = Release|Any CPU
		{43891D45-9F0F-4FCF-9B5C-86CAC3619E92}.Release|Any CPU.Build.0 = Release|Any CPU
		{15F1BA78-6602-4427-A579-93624D90A620}.Debug|Any CPU.ActiveCfg = Debug|Any CPU
		{15F1BA78-6602-4427-A579-93624D90A620}.Debug|Any CPU.Build.0 = Debug|Any CPU
		{15F1BA78-6602-4427-A579-93624D90A620}.Release|Any CPU.ActiveCfg = Release|Any CPU
		{15F1BA78-6602-4427-A579-93624D90A620}.Release|Any CPU.Build.0 = Release|Any CPU
		{7888A1BF-142A-4732-8740-AE027B0F2EFC}.Debug|Any CPU.ActiveCfg = Debug|Any CPU
		{7888A1BF-142A-4732-8740-AE027B0F2EFC}.Debug|Any CPU.Build.0 = Debug|Any CPU
		{7888A1BF-142A-4732-8740-AE027B0F2EFC}.Release|Any CPU.ActiveCfg = Release|Any CPU
		{7888A1BF-142A-4732-8740-AE027B0F2EFC}.Release|Any CPU.Build.0 = Release|Any CPU
	EndGlobalSection
	GlobalSection(SolutionProperties) = preSolution
		HideSolutionNode = FALSE
	EndGlobalSection
	GlobalSection(ExtensibilityGlobals) = postSolution
		SolutionGuid = {7BB44983-2E8B-4E14-AD9E-FF98E1D58448}
	EndGlobalSection
EndGlobal
